{
  "lockfile-version": 1,
  "manifest": {
    "version": 1,
    "install": {
      "helix": {
        "pkg-path": "helix"
      }
    },
    "hook": {},
    "profile": {},
    "options": {
      "systems": [
        "aarch64-darwin",
        "aarch64-linux",
        "x86_64-darwin",
        "x86_64-linux"
      ],
      "allow": {
        "licenses": []
      },
      "semver": {}
    }
  },
  "packages": [
    {
      "attr_path": "helix",
      "broken": false,
      "derivation": "/nix/store/cyw6084da018vajhs705m07s5z78yb6y-helix-25.01.1.drv",
      "description": "Post-modern modal text editor",
      "install_id": "helix",
      "license": "MPL-2.0",
      "locked_url": "https://github.com/flox/nixpkgs?rev=a79cfe0ebd24952b580b1cf08cd906354996d547",
      "name": "helix-25.01.1",
      "pname": "helix",
      "rev": "a79cfe0ebd24952b580b1cf08cd906354996d547",
      "rev_count": 750629,
      "rev_date": "2025-02-08T13:21:17Z",
      "scrape_date": "2025-02-09T05:15:18Z",
      "stabilities": [
        "unstable"
      ],
      "unfree": false,
      "version": "25.01.1",
      "outputs_to_install": [
        "out"
      ],
      "outputs": {
        "out": "/nix/store/zl3gywrkwl585d9vvqbk36p8hwgq5wf1-helix-25.01.1"
      },
      "system": "aarch64-darwin",
      "group": "toplevel",
      "priority": 5
    },
    {
      "attr_path": "helix",
      "broken": false,
      "derivation": "/nix/store/024p1vcivjsh6b20fbrmqyp1qkvcgwjd-helix-25.01.1.drv",
      "description": "Post-modern modal text editor",
      "install_id": "helix",
      "license": "MPL-2.0",
      "locked_url": "https://github.com/flox/nixpkgs?rev=a79cfe0ebd24952b580b1cf08cd906354996d547",
      "name": "helix-25.01.1",
      "pname": "helix",
      "rev": "a79cfe0ebd24952b580b1cf08cd906354996d547",
      "rev_count": 750629,
      "rev_date": "2025-02-08T13:21:17Z",
      "scrape_date": "2025-02-09T05:15:18Z",
      "stabilities": [
        "unstable"
      ],
      "unfree": false,
      "version": "25.01.1",
      "outputs_to_install": [
        "out"
      ],
      "outputs": {
        "out": "/nix/store/75m7pa0wri0paj79q9pv7ni676d1rxc9-helix-25.01.1"
      },
      "system": "aarch64-linux",
      "group": "toplevel",
      "priority": 5
    },
    {
      "attr_path": "helix",
      "broken": false,
      "derivation": "/nix/store/nsghj5g6b2sygvgw9qxpn4gwsmnzi3aq-helix-25.01.1.drv",
      "description": "Post-modern modal text editor",
      "install_id": "helix",
      "license": "MPL-2.0",
      "locked_url": "https://github.com/flox/nixpkgs?rev=a79cfe0ebd24952b580b1cf08cd906354996d547",
      "name": "helix-25.01.1",
      "pname": "helix",
      "rev": "a79cfe0ebd24952b580b1cf08cd906354996d547",
      "rev_count": 750629,
      "rev_date": "2025-02-08T13:21:17Z",
      "scrape_date": "2025-02-09T05:15:18Z",
      "stabilities": [
        "unstable"
      ],
      "unfree": false,
      "version": "25.01.1",
      "outputs_to_install": [
        "out"
      ],
      "outputs": {
        "out": "/nix/store/0r9sdh8b0jx58iynlb9kkkwgm78zzs81-helix-25.01.1"
      },
      "system": "x86_64-darwin",
      "group": "toplevel",
      "priority": 5
    },
    {
      "attr_path": "helix",
      "broken": false,
      "derivation": "/nix/store/i1ibkc4nqajsybyz85knzhzxq5vgw22a-helix-25.01.1.drv",
      "description": "Post-modern modal text editor",
      "install_id": "helix",
      "license": "MPL-2.0",
      "locked_url": "https://github.com/flox/nixpkgs?rev=a79cfe0ebd24952b580b1cf08cd906354996d547",
      "name": "helix-25.01.1",
      "pname": "helix",
      "rev": "a79cfe0ebd24952b580b1cf08cd906354996d547",
      "rev_count": 750629,
      "rev_date": "2025-02-08T13:21:17Z",
      "scrape_date": "2025-02-09T05:15:18Z",
      "stabilities": [
        "unstable"
      ],
      "unfree": false,
      "version": "25.01.1",
      "outputs_to_install": [
        "out"
      ],
      "outputs": {
        "out": "/nix/store/k66d9x2jx81rn3369kx2h5h49pjh2azn-helix-25.01.1"
      },
      "system": "x86_64-linux",
      "group": "toplevel",
      "priority": 5
    }
  ]
}